
Microsoft Visual Studio Solution File, Format Version 12.00
# Visual Studio Version 17
VisualStudioVersion = 17.4.33103.184
MinimumVisualStudioVersion = 10.0.40219.1
Project("{FAE04EC0-301F-11D3-BF4B-00C04F79EFBC}") = "Foodie", "Foodie\Foodie.csproj", "{72563693-238F-400E-B91C-09E97F69006D}"
EndProject
Global
	GlobalSection(SolutionConfigurationPlatforms) = preSolution
		Debug|Any CPU = Debug|Any CPU
		Release|Any CPU = Release|Any CPU
	EndGlobalSection
	GlobalSection(ProjectConfigurationPlatforms) = postSolution
		{72563693-238F-400E-B91C-09E97F69006D}.Debug|Any CPU.ActiveCfg = Debug|Any CPU
		{72563693-238F-400E-B91C-09E97F69006D}.Debug|Any CPU.Build.0 = Debug|Any CPU
		{72563693-238F-400E-B91C-09E97F69006D}.Release|Any CPU.ActiveCfg = Release|Any CPU
		{72563693-238F-400E-B91C-09E97F69006D}.Release|Any CPU.Build.0 = Release|Any CPU
	EndGlobalSection
	GlobalSection(SolutionProperties) = preSolution
		HideSolutionNode = FALSE
	EndGlobalSection
	GlobalSection(ExtensibilityGlobals) = postSolution
		SolutionGuid = {10205609-5E7A-48EA-A84F-EF9327ECDEC1}
	EndGlobalSection
EndGlobal
